// !$*UTF8*$!
{
	archiveVersion = 1;
	classes = {
	};
	objectVersion = 46;
	objects = {

/* Begin PBXBuildFile section */
		4380888519E65E1700E46FF8 /* AppDelegate.swift in Sources */ = {isa = PBXBuildFile; fileRef = 4380888419E65E1700E46FF8 /* AppDelegate.swift */; };
		4380888719E65E1700E46FF8 /* ViewController.swift in Sources */ = {isa = PBXBuildFile; fileRef = 4380888619E65E1700E46FF8 /* ViewController.swift */; };
		4380888A19E65E1700E46FF8 /* Main.storyboard in Resources */ = {isa = PBXBuildFile; fileRef = 4380888819E65E1700E46FF8 /* Main.storyboard */; };
		4380888C19E65E1700E46FF8 /* Images.xcassets in Resources */ = {isa = PBXBuildFile; fileRef = 4380888B19E65E1700E46FF8 /* Images.xcassets */; };
		4380888F19E65E1700E46FF8 /* LaunchScreen.xib in Resources */ = {isa = PBXBuildFile; fileRef = 4380888D19E65E1700E46FF8 /* LaunchScreen.xib */; };
		4380889B19E65E1700E46FF8 /* WebViewSampleTests.swift in Sources */ = {isa = PBXBuildFile; fileRef = 4380889A19E65E1700E46FF8 /* WebViewSampleTests.swift */; };
		438088A519E65F8B00E46FF8 /* index.html in Resources */ = {isa = PBXBuildFile; fileRef = 438088A419E65F8B00E46FF8 /* index.html */; };
/* End PBXBuildFile section */

/* Begin PBXContainerItemProxy section */
		4380889519E65E1700E46FF8 /* PBXContainerItemProxy */ = {
			isa = PBXContainerItemProxy;
			containerPortal = 4380887719E65E1700E46FF8 /* Project object */;
			proxyType = 1;
			remoteGlobalIDString = 4380887E19E65E1700E46FF8;
			remoteInfo = WebViewSample;
		};
/* End PBXContainerItemProxy section */

/* Begin PBXFileReference section */
		4380887F19E65E1700E46FF8 /* WebViewSample.app */ = {isa = PBXFileReference; explicitFileType = wrapper.application; includeInIndex = 0; path = WebViewSample.app; sourceTree = BUILT_PRODUCTS_DIR; };
		4380888319E65E1700E46FF8 /* Info.plist */ = {isa = PBXFileReference; lastKnownFileType = text.plist.xml; path = Info.plist; sourceTree = "<group>"; };
		4380888419E65E1700E46FF8 /* AppDelegate.swift */ = {isa = PBXFileReference; lastKnownFileType = sourcecode.swift; path = AppDelegate.swift; sourceTree = "<group>"; };
		4380888619E65E1700E46FF8 /* ViewController.swift */ = {isa = PBXFileReference; lastKnownFileType = sourcecode.swift; path = ViewController.swift; sourceTree = "<group>"; };
		4380888919E65E1700E46FF8 /* Base */ = {isa = PBXFileReference; lastKnownFileType = file.storyboard; name = Base; path = Base.lproj/Main.storyboard; sourceTree = "<group>"; };
		4380888B19E65E1700E46FF8 /* Images.xcassets */ = {isa = PBXFileReference; lastKnownFileType = folder.assetcatalog; path = Images.xcassets; sourceTree = "<group>"; };
		4380888E19E65E1700E46FF8 /* Base */ = {isa = PBXFileReference; lastKnownFileType = file.xib; name = Base; path = Base.lproj/LaunchScreen.xib; sourceTree = "<group>"; };
		4380889419E65E1700E46FF8 /* WebViewSampleTests.xctest */ = {isa = PBXFileReference; explicitFileType = wrapper.cfbundle; includeInIndex = 0; path = WebViewSampleTests.xctest; sourceTree = BUILT_PRODUCTS_DIR; };
		4380889919E65E1700E46FF8 /* Info.plist */ = {isa = PBXFileReference; lastKnownFileType = text.plist.xml; path = Info.plist; sourceTree = "<group>"; };
		4380889A19E65E1700E46FF8 /* WebViewSampleTests.swift */ = {isa = PBXFileReference; lastKnownFileType = sourcecode.swift; path = WebViewSampleTests.swift; sourceTree = "<group>"; };
		438088A419E65F8B00E46FF8 /* index.html */ = {isa = PBXFileReference; fileEncoding = 4; lastKnownFileType = text.html; path = index.html; sourceTree = "<group>"; };
/* End PBXFileReference section */

/* Begin PBXFrameworksBuildPhase section */
		4380887C19E65E1700E46FF8 /* Frameworks */ = {
			isa = PBXFrameworksBuildPhase;
			buildActionMask = 2147483647;
			files = (
			);
			runOnlyForDeploymentPostprocessing = 0;
		};
		4380889119E65E1700E46FF8 /* Frameworks */ = {
			isa = PBXFrameworksBuildPhase;
			buildActionMask = 2147483647;
			files = (
			);
			runOnlyForDeploymentPostprocessing = 0;
		};
/* End PBXFrameworksBuildPhase section */

/* Begin PBXGroup section */
		4380887619E65E1700E46FF8 = {
			isa = PBXGroup;
			children = (
				4380888119E65E1700E46FF8 /* WebViewSample */,
				4380889719E65E1700E46FF8 /* WebViewSampleTests */,
				4380888019E65E1700E46FF8 /* Products */,
			);
			sourceTree = "<group>";
		};
		4380888019E65E1700E46FF8 /* Products */ = {
			isa = PBXGroup;
			children = (
				4380887F19E65E1700E46FF8 /* WebViewSample.app */,
				4380889419E65E1700E46FF8 /* WebViewSampleTests.xctest */,
			);
			name = Products;
			sourceTree = "<group>";
		};
		4380888119E65E1700E46FF8 /* WebViewSample */ = {
			isa = PBXGroup;
			children = (
				438088A419E65F8B00E46FF8 /* index.html */,
				4380888419E65E1700E46FF8 /* AppDelegate.swift */,
				4380888619E65E1700E46FF8 /* ViewController.swift */,
				4380888819E65E1700E46FF8 /* Main.storyboard */,
				4380888B19E65E1700E46FF8 /* Images.xcassets */,
				4380888D19E65E1700E46FF8 /* LaunchScreen.xib */,
				4380888219E65E1700E46FF8 /* Supporting Files */,
			);
			path = WebViewSample;
			sourceTree = "<group>";
		};
		4380888219E65E1700E46FF8 /* Supporting Files */ = {
			isa = PBXGroup;
			children = (
				4380888319E65E1700E46FF8 /* Info.plist */,
			);
			name = "Supporting Files";
			sourceTree = "<group>";
		};
		4380889719E65E1700E46FF8 /* WebViewSampleTests */ = {
			isa = PBXGroup;
			children = (
				4380889A19E65E1700E46FF8 /* WebViewSampleTests.swift */,
				4380889819E65E1700E46FF8 /* Supporting Files */,
			);
			path = WebViewSampleTests;
			sourceTree = "<group>";
		};
		4380889819E65E1700E46FF8 /* Supporting Files */ = {
			isa = PBXGroup;
			children = (
				4380889919E65E1700E46FF8 /* Info.plist */,
			);
			name = "Supporting Files";
			sourceTree = "<group>";
		};
/* End PBXGroup section */

/* Begin PBXNativeTarget section */
		4380887E19E65E1700E46FF8 /* WebViewSample */ = {
			isa = PBXNativeTarget;
			buildConfigurationList = 4380889E19E65E1700E46FF8 /* Build configuration list for PBXNativeTarget "WebViewSample" */;
			buildPhases = (
				4380887B19E65E1700E46FF8 /* Sources */,
				4380887C19E65E1700E46FF8 /* Frameworks */,
				4380887D19E65E1700E46FF8 /* Resources */,
			);
			buildRules = (
			);
			dependencies = (
			);
			name = WebViewSample;
			productName = WebViewSample;
			productReference = 4380887F19E65E1700E46FF8 /* WebViewSample.app */;
			productType = "com.apple.product-type.application";
		};
		4380889319E65E1700E46FF8 /* WebViewSampleTests */ = {
			isa = PBXNativeTarget;
			buildConfigurationList = 438088A119E65E1700E46FF8 /* Build configuration list for PBXNativeTarget "WebViewSampleTests" */;
			buildPhases = (
				4380889019E65E1700E46FF8 /* Sources */,
				4380889119E65E1700E46FF8 /* Frameworks */,
				4380889219E65E1700E46FF8 /* Resources */,
			);
			buildRules = (
			);
			dependencies = (
				4380889619E65E1700E46FF8 /* PBXTargetDependency */,
			);
			name = WebViewSampleTests;
			productName = WebViewSampleTests;
			productReference = 4380889419E65E1700E46FF8 /* WebViewSampleTests.xctest */;
			productType = "com.apple.product-type.bundle.unit-test";
		};
/* End PBXNativeTarget section */

/* Begin PBXProject section */
		4380887719E65E1700E46FF8 /* Project object */ = {
			isa = PBXProject;
			attributes = {
				LastUpgradeCheck = 0610;
				ORGANIZATIONNAME = tonyguan;
				TargetAttributes = {
					4380887E19E65E1700E46FF8 = {
						CreatedOnToolsVersion = 6.1;
					};
					4380889319E65E1700E46FF8 = {
						CreatedOnToolsVersion = 6.1;
						TestTargetID = 4380887E19E65E1700E46FF8;
					};
				};
			};
			buildConfigurationList = 4380887A19E65E1700E46FF8 /* Build configuration list for PBXProject "WebViewSample" */;
			compatibilityVersion = "Xcode 3.2";
			developmentRegion = English;
			hasScannedForEncodings = 0;
			knownRegions = (
				en,
				Base,
			);
			mainGroup = 4380887619E65E1700E46FF8;
			productRefGroup = 4380888019E65E1700E46FF8 /* Products */;
			projectDirPath = "";
			projectRoot = "";
			targets = (
				4380887E19E65E1700E46FF8 /* WebViewSample */,
				4380889319E65E1700E46FF8 /* WebViewSampleTests */,
			);
		};
/* End PBXProject section */

/* Begin PBXResourcesBuildPhase section */
		4380887D19E65E1700E46FF8 /* Resources */ = {
			isa = PBXResourcesBuildPhase;
			buildActionMask = 2147483647;
			files = (
				4380888A19E65E1700E46FF8 /* Main.storyboard in Resources */,
				438088A519E65F8B00E46FF8 /* index.html in Resources */,
				4380888F19E65E1700E46FF8 /* LaunchScreen.xib in Resources */,
				4380888C19E65E1700E46FF8 /* Images.xcassets in Resources */,
			);
			runOnlyForDeploymentPostprocessing = 0;
		};
		4380889219E65E1700E46FF8 /* Resources */ = {
			isa = PBXResourcesBuildPhase;
			buildActionMask = 2147483647;
			files = (
			);
			runOnlyForDeploymentPostprocessing = 0;
		};
/* End PBXResourcesBuildPhase section */

/* Begin PBXSourcesBuildPhase section */
		4380887B19E65E1700E46FF8 /* Sources */ = {
			isa = PBXSourcesBuildPhase;
			buildActionMask = 2147483647;
			files = (
				4380888719E65E1700E46FF8 /* ViewController.swift in Sources */,
				4380888519E65E1700E46FF8 /* AppDelegate.swift in Sources */,
			);
			runOnlyForDeploymentPostprocessing = 0;
		};
		4380889019E65E1700E46FF8 /* Sources */ = {
			isa = PBXSourcesBuildPhase;
			buildActionMask = 2147483647;
			files = (
				4380889B19E65E1700E46FF8 /* WebViewSampleTests.swift in Sources */,
			);
			runOnlyForDeploymentPostprocessing = 0;
		};
/* End PBXSourcesBuildPhase section */

/* Begin PBXTargetDependency section */
		4380889619E65E1700E46FF8 /* PBXTargetDependency */ = {
			isa = PBXTargetDependency;
			target = 4380887E19E65E1700E46FF8 /* WebViewSample */;
			targetProxy = 4380889519E65E1700E46FF8 /* PBXContainerItemProxy */;
		};
/* End PBXTargetDependency section */

/* Begin PBXVariantGroup section */
		4380888819E65E1700E46FF8 /* Main.storyboard */ = {
			isa = PBXVariantGroup;
			children = (
				4380888919E65E1700E46FF8 /* Base */,
			);
			name = Main.storyboard;
			sourceTree = "<group>";
		};
		4380888D19E65E1700E46FF8 /* LaunchScreen.xib */ = {
			isa = PBXVariantGroup;
			children = (
				4380888E19E65E1700E46FF8 /* Base */,
			);
			name = LaunchScreen.xib;
			sourceTree = "<group>";
		};
/* End PBXVariantGroup section */

/* Begin XCBuildConfiguration section */
		4380889C19E65E1700E46FF8 /* Debug */ = {
			isa = XCBuildConfiguration;
			buildSettings = {
				ALWAYS_SEARCH_USER_PATHS = NO;
				CLANG_CXX_LANGUAGE_STANDARD = "gnu++0x";
				CLANG_CXX_LIBRARY = "libc++";
				CLANG_ENABLE_MODULES = YES;
				CLANG_ENABLE_OBJC_ARC = YES;
				CLANG_WARN_BOOL_CONVERSION = YES;
				CLANG_WARN_CONSTANT_CONVERSION = YES;
				CLANG_WARN_DIRECT_OBJC_ISA_USAGE = YES_ERROR;
				CLANG_WARN_EMPTY_BODY = YES;
				CLANG_WARN_ENUM_CONVERSION = YES;
				CLANG_WARN_INT_CONVERSION = YES;
				CLANG_WARN_OBJC_ROOT_CLASS = YES_ERROR;
				CLANG_WARN_UNREACHABLE_CODE = YES;
				CLANG_WARN__DUPLICATE_METHOD_MATCH = YES;
				"CODE_SIGN_IDENTITY[sdk=iphoneos*]" = "iPhone Developer";
				COPY_PHASE_STRIP = NO;
				ENABLE_STRICT_OBJC_MSGSEND = YES;
				GCC_C_LANGUAGE_STANDARD = gnu99;
				GCC_DYNAMIC_NO_PIC = NO;
				GCC_OPTIMIZATION_LEVEL = 0;
				GCC_PREPROCESSOR_DEFINITIONS = (
					"DEBUG=1",
					"$(inherited)",
				);
				GCC_SYMBOLS_PRIVATE_EXTERN = NO;
				GCC_WARN_64_TO_32_BIT_CONVERSION = YES;
				GCC_WARN_ABOUT_RETURN_TYPE = YES_ERROR;
				GCC_WARN_UNDECLARED_SELECTOR = YES;
				GCC_WARN_UNINITIALIZED_AUTOS = YES_AGGRESSIVE;
				GCC_WARN_UNUSED_FUNCTION = YES;
				GCC_WARN_UNUSED_VARIABLE = YES;
				IPHONEOS_DEPLOYMENT_TARGET = 8.3;
				MTL_ENABLE_DEBUG_INFO = YES;
				ONLY_ACTIVE_ARCH = YES;
				SDKROOT = iphoneos;
				SWIFT_OPTIMIZATION_LEVEL = "-Onone";
			};
			name = Debug;
		};
		4380889D19E65E1700E46FF8 /* Release */ = {
			isa = XCBuildConfiguration;
			buildSettings = {
				ALWAYS_SEARCH_USER_PATHS = NO;
				CLANG_CXX_LANGUAGE_STANDARD = "gnu++0x";
				CLANG_CXX_LIBRARY = "libc++";
				CLANG_ENABLE_MODULES = YES;
				CLANG_ENABLE_OBJC_ARC = YES;
				CLANG_WARN_BOOL_CONVERSION = YES;
				CLANG_WARN_CONSTANT_CONVERSION = YES;
				CLANG_WARN_DIRECT_OBJC_ISA_USAGE = YES_ERROR;
				CLANG_WARN_EMPTY_BODY = YES;
				CLANG_WARN_ENUM_CONVERSION = YES;
				CLANG_WARN_INT_CONVERSION = YES;
				CLANG_WARN_OBJC_ROOT_CLASS = YES_ERROR;
				CLANG_WARN_UNREACHABLE_CODE = YES;
				CLANG_WARN__DUPLICATE_METHOD_MATCH = YES;
				"CODE_SIGN_IDENTITY[sdk=iphoneos*]" = "iPhone Developer";
				COPY_PHASE_STRIP = YES;
				ENABLE_NS_ASSERTIONS = NO;
				ENABLE_STRICT_OBJC_MSGSEND = YES;
				GCC_C_LANGUAGE_STANDARD = gnu99;
				GCC_WARN_64_TO_32_BIT_CONVERSION = YES;
				GCC_WARN_ABOUT_RETURN_TYPE = YES_ERROR;
				GCC_WARN_UNDECLARED_SELECTOR = YES;
				GCC_WARN_UNINITIALIZED_AUTOS = YES_AGGRESSIVE;
				GCC_WARN_UNUSED_FUNCTION = YES;
				GCC_WARN_UNUSED_VARIABLE = YES;
				IPHONEOS_DEPLOYMENT_TARGET = 8.3;
				MTL_ENABLE_DEBUG_INFO = NO;
				SDKROOT = iphoneos;
				VALIDATE_PRODUCT = YES;
			};
			name = Release;
		};
		4380889F19E65E1700E46FF8 /* Debug */ = {
			isa = XCBuildConfiguration;
			buildSettings = {
				ASSETCATALOG_COMPILER_APPICON_NAME = AppIcon;
				INFOPLIST_FILE = WebViewSample/Info.plist;
				LD_RUNPATH_SEARCH_PATHS = "$(inherited) @executable_path/Frameworks";
				PRODUCT_NAME = "$(TARGET_NAME)";
			};
			name = Debug;
		};
		438088A019E65E1700E46FF8 /* Release */ = {
			isa = XCBuildConfiguration;
			buildSettings = {
				ASSETCATALOG_COMPILER_APPICON_NAME = AppIcon;
				INFOPLIST_FILE = WebViewSample/Info.plist;
				LD_RUNPATH_SEARCH_PATHS = "$(inherited) @executable_path/Frameworks";
				PRODUCT_NAME = "$(TARGET_NAME)";
			};
			name = Release;
		};
		438088A219E65E1700E46FF8 /* Debug */ = {
			isa = XCBuildConfiguration;
			buildSettings = {
				BUNDLE_LOADER = "$(TEST_HOST)";
				FRAMEWORK_SEARCH_PATHS = (
					"$(SDKROOT)/Developer/Library/Frameworks",
					"$(inherited)",
				);
				GCC_PREPROCESSOR_DEFINITIONS = (
					"DEBUG=1",
					"$(inherited)",
				);
				INFOPLIST_FILE = WebViewSampleTests/Info.plist;
				LD_RUNPATH_SEARCH_PATHS = "$(inherited) @executable_path/Frameworks @loader_path/Frameworks";
				PRODUCT_NAME = "$(TARGET_NAME)";
				TEST_HOST = "$(BUILT_PRODUCTS_DIR)/WebViewSample.app/WebViewSample";
			};
			name = Debug;
		};
		438088A319E65E1700E46FF8 /* Release */ = {
			isa = XCBuildConfiguration;
			buildSettings = {
				BUNDLE_LOADER = "$(TEST_HOST)";
				FRAMEWORK_SEARCH_PATHS = (
					"$(SDKROOT)/Developer/Library/Frameworks",
					"$(inherited)",
				);
				INFOPLIST_FILE = WebViewSampleTests/Info.plist;
				LD_RUNPATH_SEARCH_PATHS = "$(inherited) @executable_path/Frameworks @loader_path/Frameworks";
				PRODUCT_NAME = "$(TARGET_NAME)";
				TEST_HOST = "$(BUILT_PRODUCTS_DIR)/WebViewSample.app/WebViewSample";
			};
			name = Release;
		};
/* End XCBuildConfiguration section */

/* Begin XCConfigurationList section */
		4380887A19E65E1700E46FF8 /* Build configuration list for PBXProject "WebViewSample" */ = {
			isa = XCConfigurationList;
			buildConfigurations = (
				4380889C19E65E1700E46FF8 /* Debug */,
				4380889D19E65E1700E46FF8 /* Release */,
			);
			defaultConfigurationIsVisible = 0;
			defaultConfigurationName = Release;
		};
		4380889E19E65E1700E46FF8 /* Build configuration list for PBXNativeTarget "WebViewSample" */ = {
			isa = XCConfigurationList;
			buildConfigurations = (
				4380889F19E65E1700E46FF8 /* Debug */,
				438088A019E65E1700E46FF8 /* Release */,
			);
			defaultConfigurationIsVisible = 0;
			defaultConfigurationName = Release;
		};
		438088A119E65E1700E46FF8 /* Build configuration list for PBXNativeTarget "WebViewSampleTests" */ = {
			isa = XCConfigurationList;
			buildConfigurations = (
				438088A219E65E1700E46FF8 /* Debug */,
				438088A319E65E1700E46FF8 /* Release */,
			);
			defaultConfigurationIsVisible = 0;
			defaultConfigurationName = Release;
		};
/* End XCConfigurationList section */
	};
	rootObject = 4380887719E65E1700E46FF8 /* Project object */;
}
