// !$*UTF8*$!
{
	archiveVersion = 1;
	classes = {
	};
	objectVersion = 46;
	objects = {

/* Begin PBXBuildFile section */
		4363EF6219E78C3400D7F817 /* AppDelegate.swift in Sources */ = {isa = PBXBuildFile; fileRef = 4363EF6119E78C3400D7F817 /* AppDelegate.swift */; };
		4363EF6419E78C3400D7F817 /* ViewController.swift in Sources */ = {isa = PBXBuildFile; fileRef = 4363EF6319E78C3400D7F817 /* ViewController.swift */; };
		4363EF6719E78C3400D7F817 /* Main.storyboard in Resources */ = {isa = PBXBuildFile; fileRef = 4363EF6519E78C3400D7F817 /* Main.storyboard */; };
		4363EF6919E78C3400D7F817 /* Images.xcassets in Resources */ = {isa = PBXBuildFile; fileRef = 4363EF6819E78C3400D7F817 /* Images.xcassets */; };
		4363EF6C19E78C3400D7F817 /* LaunchScreen.xib in Resources */ = {isa = PBXBuildFile; fileRef = 4363EF6A19E78C3400D7F817 /* LaunchScreen.xib */; };
		4363EF7819E78C3400D7F817 /* ScreenTestTests.swift in Sources */ = {isa = PBXBuildFile; fileRef = 4363EF7719E78C3400D7F817 /* ScreenTestTests.swift */; };
/* End PBXBuildFile section */

/* Begin PBXContainerItemProxy section */
		4363EF7219E78C3400D7F817 /* PBXContainerItemProxy */ = {
			isa = PBXContainerItemProxy;
			containerPortal = 4363EF5419E78C3400D7F817 /* Project object */;
			proxyType = 1;
			remoteGlobalIDString = 4363EF5B19E78C3400D7F817;
			remoteInfo = ScreenTest;
		};
/* End PBXContainerItemProxy section */

/* Begin PBXFileReference section */
		4363EF5C19E78C3400D7F817 /* ScreenTest.app */ = {isa = PBXFileReference; explicitFileType = wrapper.application; includeInIndex = 0; path = ScreenTest.app; sourceTree = BUILT_PRODUCTS_DIR; };
		4363EF6019E78C3400D7F817 /* Info.plist */ = {isa = PBXFileReference; lastKnownFileType = text.plist.xml; path = Info.plist; sourceTree = "<group>"; };
		4363EF6119E78C3400D7F817 /* AppDelegate.swift */ = {isa = PBXFileReference; lastKnownFileType = sourcecode.swift; path = AppDelegate.swift; sourceTree = "<group>"; };
		4363EF6319E78C3400D7F817 /* ViewController.swift */ = {isa = PBXFileReference; lastKnownFileType = sourcecode.swift; path = ViewController.swift; sourceTree = "<group>"; };
		4363EF6619E78C3400D7F817 /* Base */ = {isa = PBXFileReference; lastKnownFileType = file.storyboard; name = Base; path = Base.lproj/Main.storyboard; sourceTree = "<group>"; };
		4363EF6819E78C3400D7F817 /* Images.xcassets */ = {isa = PBXFileReference; lastKnownFileType = folder.assetcatalog; path = Images.xcassets; sourceTree = "<group>"; };
		4363EF6B19E78C3400D7F817 /* Base */ = {isa = PBXFileReference; lastKnownFileType = file.xib; name = Base; path = Base.lproj/LaunchScreen.xib; sourceTree = "<group>"; };
		4363EF7119E78C3400D7F817 /* ScreenTestTests.xctest */ = {isa = PBXFileReference; explicitFileType = wrapper.cfbundle; includeInIndex = 0; path = ScreenTestTests.xctest; sourceTree = BUILT_PRODUCTS_DIR; };
		4363EF7619E78C3400D7F817 /* Info.plist */ = {isa = PBXFileReference; lastKnownFileType = text.plist.xml; path = Info.plist; sourceTree = "<group>"; };
		4363EF7719E78C3400D7F817 /* ScreenTestTests.swift */ = {isa = PBXFileReference; lastKnownFileType = sourcecode.swift; path = ScreenTestTests.swift; sourceTree = "<group>"; };
/* End PBXFileReference section */

/* Begin PBXFrameworksBuildPhase section */
		4363EF5919E78C3400D7F817 /* Frameworks */ = {
			isa = PBXFrameworksBuildPhase;
			buildActionMask = 2147483647;
			files = (
			);
			runOnlyForDeploymentPostprocessing = 0;
		};
		4363EF6E19E78C3400D7F817 /* Frameworks */ = {
			isa = PBXFrameworksBuildPhase;
			buildActionMask = 2147483647;
			files = (
			);
			runOnlyForDeploymentPostprocessing = 0;
		};
/* End PBXFrameworksBuildPhase section */

/* Begin PBXGroup section */
		4363EF5319E78C3400D7F817 = {
			isa = PBXGroup;
			children = (
				4363EF5E19E78C3400D7F817 /* ScreenTest */,
				4363EF7419E78C3400D7F817 /* ScreenTestTests */,
				4363EF5D19E78C3400D7F817 /* Products */,
			);
			sourceTree = "<group>";
		};
		4363EF5D19E78C3400D7F817 /* Products */ = {
			isa = PBXGroup;
			children = (
				4363EF5C19E78C3400D7F817 /* ScreenTest.app */,
				4363EF7119E78C3400D7F817 /* ScreenTestTests.xctest */,
			);
			name = Products;
			sourceTree = "<group>";
		};
		4363EF5E19E78C3400D7F817 /* ScreenTest */ = {
			isa = PBXGroup;
			children = (
				4363EF6119E78C3400D7F817 /* AppDelegate.swift */,
				4363EF6319E78C3400D7F817 /* ViewController.swift */,
				4363EF6519E78C3400D7F817 /* Main.storyboard */,
				4363EF6819E78C3400D7F817 /* Images.xcassets */,
				4363EF6A19E78C3400D7F817 /* LaunchScreen.xib */,
				4363EF5F19E78C3400D7F817 /* Supporting Files */,
			);
			path = ScreenTest;
			sourceTree = "<group>";
		};
		4363EF5F19E78C3400D7F817 /* Supporting Files */ = {
			isa = PBXGroup;
			children = (
				4363EF6019E78C3400D7F817 /* Info.plist */,
			);
			name = "Supporting Files";
			sourceTree = "<group>";
		};
		4363EF7419E78C3400D7F817 /* ScreenTestTests */ = {
			isa = PBXGroup;
			children = (
				4363EF7719E78C3400D7F817 /* ScreenTestTests.swift */,
				4363EF7519E78C3400D7F817 /* Supporting Files */,
			);
			path = ScreenTestTests;
			sourceTree = "<group>";
		};
		4363EF7519E78C3400D7F817 /* Supporting Files */ = {
			isa = PBXGroup;
			children = (
				4363EF7619E78C3400D7F817 /* Info.plist */,
			);
			name = "Supporting Files";
			sourceTree = "<group>";
		};
/* End PBXGroup section */

/* Begin PBXNativeTarget section */
		4363EF5B19E78C3400D7F817 /* ScreenTest */ = {
			isa = PBXNativeTarget;
			buildConfigurationList = 4363EF7B19E78C3400D7F817 /* Build configuration list for PBXNativeTarget "ScreenTest" */;
			buildPhases = (
				4363EF5819E78C3400D7F817 /* Sources */,
				4363EF5919E78C3400D7F817 /* Frameworks */,
				4363EF5A19E78C3400D7F817 /* Resources */,
			);
			buildRules = (
			);
			dependencies = (
			);
			name = ScreenTest;
			productName = ScreenTest;
			productReference = 4363EF5C19E78C3400D7F817 /* ScreenTest.app */;
			productType = "com.apple.product-type.application";
		};
		4363EF7019E78C3400D7F817 /* ScreenTestTests */ = {
			isa = PBXNativeTarget;
			buildConfigurationList = 4363EF7E19E78C3400D7F817 /* Build configuration list for PBXNativeTarget "ScreenTestTests" */;
			buildPhases = (
				4363EF6D19E78C3400D7F817 /* Sources */,
				4363EF6E19E78C3400D7F817 /* Frameworks */,
				4363EF6F19E78C3400D7F817 /* Resources */,
			);
			buildRules = (
			);
			dependencies = (
				4363EF7319E78C3400D7F817 /* PBXTargetDependency */,
			);
			name = ScreenTestTests;
			productName = ScreenTestTests;
			productReference = 4363EF7119E78C3400D7F817 /* ScreenTestTests.xctest */;
			productType = "com.apple.product-type.bundle.unit-test";
		};
/* End PBXNativeTarget section */

/* Begin PBXProject section */
		4363EF5419E78C3400D7F817 /* Project object */ = {
			isa = PBXProject;
			attributes = {
				LastUpgradeCheck = 0610;
				ORGANIZATIONNAME = tonyguan;
				TargetAttributes = {
					4363EF5B19E78C3400D7F817 = {
						CreatedOnToolsVersion = 6.1;
					};
					4363EF7019E78C3400D7F817 = {
						CreatedOnToolsVersion = 6.1;
						TestTargetID = 4363EF5B19E78C3400D7F817;
					};
				};
			};
			buildConfigurationList = 4363EF5719E78C3400D7F817 /* Build configuration list for PBXProject "ScreenTest" */;
			compatibilityVersion = "Xcode 3.2";
			developmentRegion = English;
			hasScannedForEncodings = 0;
			knownRegions = (
				en,
				Base,
			);
			mainGroup = 4363EF5319E78C3400D7F817;
			productRefGroup = 4363EF5D19E78C3400D7F817 /* Products */;
			projectDirPath = "";
			projectRoot = "";
			targets = (
				4363EF5B19E78C3400D7F817 /* ScreenTest */,
				4363EF7019E78C3400D7F817 /* ScreenTestTests */,
			);
		};
/* End PBXProject section */

/* Begin PBXResourcesBuildPhase section */
		4363EF5A19E78C3400D7F817 /* Resources */ = {
			isa = PBXResourcesBuildPhase;
			buildActionMask = 2147483647;
			files = (
				4363EF6719E78C3400D7F817 /* Main.storyboard in Resources */,
				4363EF6C19E78C3400D7F817 /* LaunchScreen.xib in Resources */,
				4363EF6919E78C3400D7F817 /* Images.xcassets in Resources */,
			);
			runOnlyForDeploymentPostprocessing = 0;
		};
		4363EF6F19E78C3400D7F817 /* Resources */ = {
			isa = PBXResourcesBuildPhase;
			buildActionMask = 2147483647;
			files = (
			);
			runOnlyForDeploymentPostprocessing = 0;
		};
/* End PBXResourcesBuildPhase section */

/* Begin PBXSourcesBuildPhase section */
		4363EF5819E78C3400D7F817 /* Sources */ = {
			isa = PBXSourcesBuildPhase;
			buildActionMask = 2147483647;
			files = (
				4363EF6419E78C3400D7F817 /* ViewController.swift in Sources */,
				4363EF6219E78C3400D7F817 /* AppDelegate.swift in Sources */,
			);
			runOnlyForDeploymentPostprocessing = 0;
		};
		4363EF6D19E78C3400D7F817 /* Sources */ = {
			isa = PBXSourcesBuildPhase;
			buildActionMask = 2147483647;
			files = (
				4363EF7819E78C3400D7F817 /* ScreenTestTests.swift in Sources */,
			);
			runOnlyForDeploymentPostprocessing = 0;
		};
/* End PBXSourcesBuildPhase section */

/* Begin PBXTargetDependency section */
		4363EF7319E78C3400D7F817 /* PBXTargetDependency */ = {
			isa = PBXTargetDependency;
			target = 4363EF5B19E78C3400D7F817 /* ScreenTest */;
			targetProxy = 4363EF7219E78C3400D7F817 /* PBXContainerItemProxy */;
		};
/* End PBXTargetDependency section */

/* Begin PBXVariantGroup section */
		4363EF6519E78C3400D7F817 /* Main.storyboard */ = {
			isa = PBXVariantGroup;
			children = (
				4363EF6619E78C3400D7F817 /* Base */,
			);
			name = Main.storyboard;
			sourceTree = "<group>";
		};
		4363EF6A19E78C3400D7F817 /* LaunchScreen.xib */ = {
			isa = PBXVariantGroup;
			children = (
				4363EF6B19E78C3400D7F817 /* Base */,
			);
			name = LaunchScreen.xib;
			sourceTree = "<group>";
		};
/* End PBXVariantGroup section */

/* Begin XCBuildConfiguration section */
		4363EF7919E78C3400D7F817 /* Debug */ = {
			isa = XCBuildConfiguration;
			buildSettings = {
				ALWAYS_SEARCH_USER_PATHS = NO;
				CLANG_CXX_LANGUAGE_STANDARD = "gnu++0x";
				CLANG_CXX_LIBRARY = "libc++";
				CLANG_ENABLE_MODULES = YES;
				CLANG_ENABLE_OBJC_ARC = YES;
				CLANG_WARN_BOOL_CONVERSION = YES;
				CLANG_WARN_CONSTANT_CONVERSION = YES;
				CLANG_WARN_DIRECT_OBJC_ISA_USAGE = YES_ERROR;
				CLANG_WARN_EMPTY_BODY = YES;
				CLANG_WARN_ENUM_CONVERSION = YES;
				CLANG_WARN_INT_CONVERSION = YES;
				CLANG_WARN_OBJC_ROOT_CLASS = YES_ERROR;
				CLANG_WARN_UNREACHABLE_CODE = YES;
				CLANG_WARN__DUPLICATE_METHOD_MATCH = YES;
				"CODE_SIGN_IDENTITY[sdk=iphoneos*]" = "iPhone Developer";
				COPY_PHASE_STRIP = NO;
				ENABLE_STRICT_OBJC_MSGSEND = YES;
				GCC_C_LANGUAGE_STANDARD = gnu99;
				GCC_DYNAMIC_NO_PIC = NO;
				GCC_OPTIMIZATION_LEVEL = 0;
				GCC_PREPROCESSOR_DEFINITIONS = (
					"DEBUG=1",
					"$(inherited)",
				);
				GCC_SYMBOLS_PRIVATE_EXTERN = NO;
				GCC_WARN_64_TO_32_BIT_CONVERSION = YES;
				GCC_WARN_ABOUT_RETURN_TYPE = YES_ERROR;
				GCC_WARN_UNDECLARED_SELECTOR = YES;
				GCC_WARN_UNINITIALIZED_AUTOS = YES_AGGRESSIVE;
				GCC_WARN_UNUSED_FUNCTION = YES;
				GCC_WARN_UNUSED_VARIABLE = YES;
				IPHONEOS_DEPLOYMENT_TARGET = 8.3;
				MTL_ENABLE_DEBUG_INFO = YES;
				ONLY_ACTIVE_ARCH = YES;
				SDKROOT = iphoneos;
				SWIFT_OPTIMIZATION_LEVEL = "-Onone";
				TARGETED_DEVICE_FAMILY = "1,2";
			};
			name = Debug;
		};
		4363EF7A19E78C3400D7F817 /* Release */ = {
			isa = XCBuildConfiguration;
			buildSettings = {
				ALWAYS_SEARCH_USER_PATHS = NO;
				CLANG_CXX_LANGUAGE_STANDARD = "gnu++0x";
				CLANG_CXX_LIBRARY = "libc++";
				CLANG_ENABLE_MODULES = YES;
				CLANG_ENABLE_OBJC_ARC = YES;
				CLANG_WARN_BOOL_CONVERSION = YES;
				CLANG_WARN_CONSTANT_CONVERSION = YES;
				CLANG_WARN_DIRECT_OBJC_ISA_USAGE = YES_ERROR;
				CLANG_WARN_EMPTY_BODY = YES;
				CLANG_WARN_ENUM_CONVERSION = YES;
				CLANG_WARN_INT_CONVERSION = YES;
				CLANG_WARN_OBJC_ROOT_CLASS = YES_ERROR;
				CLANG_WARN_UNREACHABLE_CODE = YES;
				CLANG_WARN__DUPLICATE_METHOD_MATCH = YES;
				"CODE_SIGN_IDENTITY[sdk=iphoneos*]" = "iPhone Developer";
				COPY_PHASE_STRIP = YES;
				ENABLE_NS_ASSERTIONS = NO;
				ENABLE_STRICT_OBJC_MSGSEND = YES;
				GCC_C_LANGUAGE_STANDARD = gnu99;
				GCC_WARN_64_TO_32_BIT_CONVERSION = YES;
				GCC_WARN_ABOUT_RETURN_TYPE = YES_ERROR;
				GCC_WARN_UNDECLARED_SELECTOR = YES;
				GCC_WARN_UNINITIALIZED_AUTOS = YES_AGGRESSIVE;
				GCC_WARN_UNUSED_FUNCTION = YES;
				GCC_WARN_UNUSED_VARIABLE = YES;
				IPHONEOS_DEPLOYMENT_TARGET = 8.3;
				MTL_ENABLE_DEBUG_INFO = NO;
				SDKROOT = iphoneos;
				TARGETED_DEVICE_FAMILY = "1,2";
				VALIDATE_PRODUCT = YES;
			};
			name = Release;
		};
		4363EF7C19E78C3400D7F817 /* Debug */ = {
			isa = XCBuildConfiguration;
			buildSettings = {
				ASSETCATALOG_COMPILER_APPICON_NAME = AppIcon;
				INFOPLIST_FILE = ScreenTest/Info.plist;
				LD_RUNPATH_SEARCH_PATHS = "$(inherited) @executable_path/Frameworks";
				PRODUCT_NAME = "$(TARGET_NAME)";
			};
			name = Debug;
		};
		4363EF7D19E78C3400D7F817 /* Release */ = {
			isa = XCBuildConfiguration;
			buildSettings = {
				ASSETCATALOG_COMPILER_APPICON_NAME = AppIcon;
				INFOPLIST_FILE = ScreenTest/Info.plist;
				LD_RUNPATH_SEARCH_PATHS = "$(inherited) @executable_path/Frameworks";
				PRODUCT_NAME = "$(TARGET_NAME)";
			};
			name = Release;
		};
		4363EF7F19E78C3400D7F817 /* Debug */ = {
			isa = XCBuildConfiguration;
			buildSettings = {
				BUNDLE_LOADER = "$(TEST_HOST)";
				FRAMEWORK_SEARCH_PATHS = (
					"$(SDKROOT)/Developer/Library/Frameworks",
					"$(inherited)",
				);
				GCC_PREPROCESSOR_DEFINITIONS = (
					"DEBUG=1",
					"$(inherited)",
				);
				INFOPLIST_FILE = ScreenTestTests/Info.plist;
				LD_RUNPATH_SEARCH_PATHS = "$(inherited) @executable_path/Frameworks @loader_path/Frameworks";
				PRODUCT_NAME = "$(TARGET_NAME)";
				TEST_HOST = "$(BUILT_PRODUCTS_DIR)/ScreenTest.app/ScreenTest";
			};
			name = Debug;
		};
		4363EF8019E78C3400D7F817 /* Release */ = {
			isa = XCBuildConfiguration;
			buildSettings = {
				BUNDLE_LOADER = "$(TEST_HOST)";
				FRAMEWORK_SEARCH_PATHS = (
					"$(SDKROOT)/Developer/Library/Frameworks",
					"$(inherited)",
				);
				INFOPLIST_FILE = ScreenTestTests/Info.plist;
				LD_RUNPATH_SEARCH_PATHS = "$(inherited) @executable_path/Frameworks @loader_path/Frameworks";
				PRODUCT_NAME = "$(TARGET_NAME)";
				TEST_HOST = "$(BUILT_PRODUCTS_DIR)/ScreenTest.app/ScreenTest";
			};
			name = Release;
		};
/* End XCBuildConfiguration section */

/* Begin XCConfigurationList section */
		4363EF5719E78C3400D7F817 /* Build configuration list for PBXProject "ScreenTest" */ = {
			isa = XCConfigurationList;
			buildConfigurations = (
				4363EF7919E78C3400D7F817 /* Debug */,
				4363EF7A19E78C3400D7F817 /* Release */,
			);
			defaultConfigurationIsVisible = 0;
			defaultConfigurationName = Release;
		};
		4363EF7B19E78C3400D7F817 /* Build configuration list for PBXNativeTarget "ScreenTest" */ = {
			isa = XCConfigurationList;
			buildConfigurations = (
				4363EF7C19E78C3400D7F817 /* Debug */,
				4363EF7D19E78C3400D7F817 /* Release */,
			);
			defaultConfigurationIsVisible = 0;
			defaultConfigurationName = Release;
		};
		4363EF7E19E78C3400D7F817 /* Build configuration list for PBXNativeTarget "ScreenTestTests" */ = {
			isa = XCConfigurationList;
			buildConfigurations = (
				4363EF7F19E78C3400D7F817 /* Debug */,
				4363EF8019E78C3400D7F817 /* Release */,
			);
			defaultConfigurationIsVisible = 0;
			defaultConfigurationName = Release;
		};
/* End XCConfigurationList section */
	};
	rootObject = 4363EF5419E78C3400D7F817 /* Project object */;
}
