// !$*UTF8*$!
{
	archiveVersion = 1;
	classes = {
	};
	objectVersion = 46;
	objects = {

/* Begin PBXBuildFile section */
		4384BA9719ECEDBB006965A1 /* AppDelegate.swift in Sources */ = {isa = PBXBuildFile; fileRef = 4384BA9619ECEDBB006965A1 /* AppDelegate.swift */; };
		4384BA9919ECEDBB006965A1 /* ViewController.swift in Sources */ = {isa = PBXBuildFile; fileRef = 4384BA9819ECEDBB006965A1 /* ViewController.swift */; };
		4384BA9C19ECEDBB006965A1 /* Main.storyboard in Resources */ = {isa = PBXBuildFile; fileRef = 4384BA9A19ECEDBB006965A1 /* Main.storyboard */; };
		4384BA9E19ECEDBB006965A1 /* Images.xcassets in Resources */ = {isa = PBXBuildFile; fileRef = 4384BA9D19ECEDBB006965A1 /* Images.xcassets */; };
		4384BAA119ECEDBB006965A1 /* LaunchScreen.xib in Resources */ = {isa = PBXBuildFile; fileRef = 4384BA9F19ECEDBB006965A1 /* LaunchScreen.xib */; };
		4384BAAD19ECEDBB006965A1 /* IndexTableTests.swift in Sources */ = {isa = PBXBuildFile; fileRef = 4384BAAC19ECEDBB006965A1 /* IndexTableTests.swift */; };
		4384BAB719ECEE02006965A1 /* team_dictionary.plist in Resources */ = {isa = PBXBuildFile; fileRef = 4384BAB619ECEE02006965A1 /* team_dictionary.plist */; };
/* End PBXBuildFile section */

/* Begin PBXContainerItemProxy section */
		4384BAA719ECEDBB006965A1 /* PBXContainerItemProxy */ = {
			isa = PBXContainerItemProxy;
			containerPortal = 4384BA8919ECEDBB006965A1 /* Project object */;
			proxyType = 1;
			remoteGlobalIDString = 4384BA9019ECEDBB006965A1;
			remoteInfo = IndexTable;
		};
/* End PBXContainerItemProxy section */

/* Begin PBXFileReference section */
		4384BA9119ECEDBB006965A1 /* IndexTable.app */ = {isa = PBXFileReference; explicitFileType = wrapper.application; includeInIndex = 0; path = IndexTable.app; sourceTree = BUILT_PRODUCTS_DIR; };
		4384BA9519ECEDBB006965A1 /* Info.plist */ = {isa = PBXFileReference; lastKnownFileType = text.plist.xml; path = Info.plist; sourceTree = "<group>"; };
		4384BA9619ECEDBB006965A1 /* AppDelegate.swift */ = {isa = PBXFileReference; lastKnownFileType = sourcecode.swift; path = AppDelegate.swift; sourceTree = "<group>"; };
		4384BA9819ECEDBB006965A1 /* ViewController.swift */ = {isa = PBXFileReference; lastKnownFileType = sourcecode.swift; path = ViewController.swift; sourceTree = "<group>"; };
		4384BA9B19ECEDBB006965A1 /* Base */ = {isa = PBXFileReference; lastKnownFileType = file.storyboard; name = Base; path = Base.lproj/Main.storyboard; sourceTree = "<group>"; };
		4384BA9D19ECEDBB006965A1 /* Images.xcassets */ = {isa = PBXFileReference; lastKnownFileType = folder.assetcatalog; path = Images.xcassets; sourceTree = "<group>"; };
		4384BAA019ECEDBB006965A1 /* Base */ = {isa = PBXFileReference; lastKnownFileType = file.xib; name = Base; path = Base.lproj/LaunchScreen.xib; sourceTree = "<group>"; };
		4384BAA619ECEDBB006965A1 /* IndexTableTests.xctest */ = {isa = PBXFileReference; explicitFileType = wrapper.cfbundle; includeInIndex = 0; path = IndexTableTests.xctest; sourceTree = BUILT_PRODUCTS_DIR; };
		4384BAAB19ECEDBB006965A1 /* Info.plist */ = {isa = PBXFileReference; lastKnownFileType = text.plist.xml; path = Info.plist; sourceTree = "<group>"; };
		4384BAAC19ECEDBB006965A1 /* IndexTableTests.swift */ = {isa = PBXFileReference; lastKnownFileType = sourcecode.swift; path = IndexTableTests.swift; sourceTree = "<group>"; };
		4384BAB619ECEE02006965A1 /* team_dictionary.plist */ = {isa = PBXFileReference; fileEncoding = 4; lastKnownFileType = text.plist.xml; path = team_dictionary.plist; sourceTree = "<group>"; };
/* End PBXFileReference section */

/* Begin PBXFrameworksBuildPhase section */
		4384BA8E19ECEDBB006965A1 /* Frameworks */ = {
			isa = PBXFrameworksBuildPhase;
			buildActionMask = 2147483647;
			files = (
			);
			runOnlyForDeploymentPostprocessing = 0;
		};
		4384BAA319ECEDBB006965A1 /* Frameworks */ = {
			isa = PBXFrameworksBuildPhase;
			buildActionMask = 2147483647;
			files = (
			);
			runOnlyForDeploymentPostprocessing = 0;
		};
/* End PBXFrameworksBuildPhase section */

/* Begin PBXGroup section */
		4384BA8819ECEDBB006965A1 = {
			isa = PBXGroup;
			children = (
				4384BA9319ECEDBB006965A1 /* IndexTable */,
				4384BAA919ECEDBB006965A1 /* IndexTableTests */,
				4384BA9219ECEDBB006965A1 /* Products */,
			);
			sourceTree = "<group>";
		};
		4384BA9219ECEDBB006965A1 /* Products */ = {
			isa = PBXGroup;
			children = (
				4384BA9119ECEDBB006965A1 /* IndexTable.app */,
				4384BAA619ECEDBB006965A1 /* IndexTableTests.xctest */,
			);
			name = Products;
			sourceTree = "<group>";
		};
		4384BA9319ECEDBB006965A1 /* IndexTable */ = {
			isa = PBXGroup;
			children = (
				4384BA9619ECEDBB006965A1 /* AppDelegate.swift */,
				4384BA9819ECEDBB006965A1 /* ViewController.swift */,
				4384BAB619ECEE02006965A1 /* team_dictionary.plist */,
				4384BA9A19ECEDBB006965A1 /* Main.storyboard */,
				4384BA9D19ECEDBB006965A1 /* Images.xcassets */,
				4384BA9F19ECEDBB006965A1 /* LaunchScreen.xib */,
				4384BA9419ECEDBB006965A1 /* Supporting Files */,
			);
			path = IndexTable;
			sourceTree = "<group>";
		};
		4384BA9419ECEDBB006965A1 /* Supporting Files */ = {
			isa = PBXGroup;
			children = (
				4384BA9519ECEDBB006965A1 /* Info.plist */,
			);
			name = "Supporting Files";
			sourceTree = "<group>";
		};
		4384BAA919ECEDBB006965A1 /* IndexTableTests */ = {
			isa = PBXGroup;
			children = (
				4384BAAC19ECEDBB006965A1 /* IndexTableTests.swift */,
				4384BAAA19ECEDBB006965A1 /* Supporting Files */,
			);
			path = IndexTableTests;
			sourceTree = "<group>";
		};
		4384BAAA19ECEDBB006965A1 /* Supporting Files */ = {
			isa = PBXGroup;
			children = (
				4384BAAB19ECEDBB006965A1 /* Info.plist */,
			);
			name = "Supporting Files";
			sourceTree = "<group>";
		};
/* End PBXGroup section */

/* Begin PBXNativeTarget section */
		4384BA9019ECEDBB006965A1 /* IndexTable */ = {
			isa = PBXNativeTarget;
			buildConfigurationList = 4384BAB019ECEDBB006965A1 /* Build configuration list for PBXNativeTarget "IndexTable" */;
			buildPhases = (
				4384BA8D19ECEDBB006965A1 /* Sources */,
				4384BA8E19ECEDBB006965A1 /* Frameworks */,
				4384BA8F19ECEDBB006965A1 /* Resources */,
			);
			buildRules = (
			);
			dependencies = (
			);
			name = IndexTable;
			productName = IndexTable;
			productReference = 4384BA9119ECEDBB006965A1 /* IndexTable.app */;
			productType = "com.apple.product-type.application";
		};
		4384BAA519ECEDBB006965A1 /* IndexTableTests */ = {
			isa = PBXNativeTarget;
			buildConfigurationList = 4384BAB319ECEDBB006965A1 /* Build configuration list for PBXNativeTarget "IndexTableTests" */;
			buildPhases = (
				4384BAA219ECEDBB006965A1 /* Sources */,
				4384BAA319ECEDBB006965A1 /* Frameworks */,
				4384BAA419ECEDBB006965A1 /* Resources */,
			);
			buildRules = (
			);
			dependencies = (
				4384BAA819ECEDBB006965A1 /* PBXTargetDependency */,
			);
			name = IndexTableTests;
			productName = IndexTableTests;
			productReference = 4384BAA619ECEDBB006965A1 /* IndexTableTests.xctest */;
			productType = "com.apple.product-type.bundle.unit-test";
		};
/* End PBXNativeTarget section */

/* Begin PBXProject section */
		4384BA8919ECEDBB006965A1 /* Project object */ = {
			isa = PBXProject;
			attributes = {
				LastUpgradeCheck = 0610;
				ORGANIZATIONNAME = tonyguan;
				TargetAttributes = {
					4384BA9019ECEDBB006965A1 = {
						CreatedOnToolsVersion = 6.1;
					};
					4384BAA519ECEDBB006965A1 = {
						CreatedOnToolsVersion = 6.1;
						TestTargetID = 4384BA9019ECEDBB006965A1;
					};
				};
			};
			buildConfigurationList = 4384BA8C19ECEDBB006965A1 /* Build configuration list for PBXProject "IndexTable" */;
			compatibilityVersion = "Xcode 3.2";
			developmentRegion = English;
			hasScannedForEncodings = 0;
			knownRegions = (
				en,
				Base,
			);
			mainGroup = 4384BA8819ECEDBB006965A1;
			productRefGroup = 4384BA9219ECEDBB006965A1 /* Products */;
			projectDirPath = "";
			projectRoot = "";
			targets = (
				4384BA9019ECEDBB006965A1 /* IndexTable */,
				4384BAA519ECEDBB006965A1 /* IndexTableTests */,
			);
		};
/* End PBXProject section */

/* Begin PBXResourcesBuildPhase section */
		4384BA8F19ECEDBB006965A1 /* Resources */ = {
			isa = PBXResourcesBuildPhase;
			buildActionMask = 2147483647;
			files = (
				4384BA9C19ECEDBB006965A1 /* Main.storyboard in Resources */,
				4384BAA119ECEDBB006965A1 /* LaunchScreen.xib in Resources */,
				4384BA9E19ECEDBB006965A1 /* Images.xcassets in Resources */,
				4384BAB719ECEE02006965A1 /* team_dictionary.plist in Resources */,
			);
			runOnlyForDeploymentPostprocessing = 0;
		};
		4384BAA419ECEDBB006965A1 /* Resources */ = {
			isa = PBXResourcesBuildPhase;
			buildActionMask = 2147483647;
			files = (
			);
			runOnlyForDeploymentPostprocessing = 0;
		};
/* End PBXResourcesBuildPhase section */

/* Begin PBXSourcesBuildPhase section */
		4384BA8D19ECEDBB006965A1 /* Sources */ = {
			isa = PBXSourcesBuildPhase;
			buildActionMask = 2147483647;
			files = (
				4384BA9919ECEDBB006965A1 /* ViewController.swift in Sources */,
				4384BA9719ECEDBB006965A1 /* AppDelegate.swift in Sources */,
			);
			runOnlyForDeploymentPostprocessing = 0;
		};
		4384BAA219ECEDBB006965A1 /* Sources */ = {
			isa = PBXSourcesBuildPhase;
			buildActionMask = 2147483647;
			files = (
				4384BAAD19ECEDBB006965A1 /* IndexTableTests.swift in Sources */,
			);
			runOnlyForDeploymentPostprocessing = 0;
		};
/* End PBXSourcesBuildPhase section */

/* Begin PBXTargetDependency section */
		4384BAA819ECEDBB006965A1 /* PBXTargetDependency */ = {
			isa = PBXTargetDependency;
			target = 4384BA9019ECEDBB006965A1 /* IndexTable */;
			targetProxy = 4384BAA719ECEDBB006965A1 /* PBXContainerItemProxy */;
		};
/* End PBXTargetDependency section */

/* Begin PBXVariantGroup section */
		4384BA9A19ECEDBB006965A1 /* Main.storyboard */ = {
			isa = PBXVariantGroup;
			children = (
				4384BA9B19ECEDBB006965A1 /* Base */,
			);
			name = Main.storyboard;
			sourceTree = "<group>";
		};
		4384BA9F19ECEDBB006965A1 /* LaunchScreen.xib */ = {
			isa = PBXVariantGroup;
			children = (
				4384BAA019ECEDBB006965A1 /* Base */,
			);
			name = LaunchScreen.xib;
			sourceTree = "<group>";
		};
/* End PBXVariantGroup section */

/* Begin XCBuildConfiguration section */
		4384BAAE19ECEDBB006965A1 /* Debug */ = {
			isa = XCBuildConfiguration;
			buildSettings = {
				ALWAYS_SEARCH_USER_PATHS = NO;
				CLANG_CXX_LANGUAGE_STANDARD = "gnu++0x";
				CLANG_CXX_LIBRARY = "libc++";
				CLANG_ENABLE_MODULES = YES;
				CLANG_ENABLE_OBJC_ARC = YES;
				CLANG_WARN_BOOL_CONVERSION = YES;
				CLANG_WARN_CONSTANT_CONVERSION = YES;
				CLANG_WARN_DIRECT_OBJC_ISA_USAGE = YES_ERROR;
				CLANG_WARN_EMPTY_BODY = YES;
				CLANG_WARN_ENUM_CONVERSION = YES;
				CLANG_WARN_INT_CONVERSION = YES;
				CLANG_WARN_OBJC_ROOT_CLASS = YES_ERROR;
				CLANG_WARN_UNREACHABLE_CODE = YES;
				CLANG_WARN__DUPLICATE_METHOD_MATCH = YES;
				"CODE_SIGN_IDENTITY[sdk=iphoneos*]" = "iPhone Developer";
				COPY_PHASE_STRIP = NO;
				ENABLE_STRICT_OBJC_MSGSEND = YES;
				GCC_C_LANGUAGE_STANDARD = gnu99;
				GCC_DYNAMIC_NO_PIC = NO;
				GCC_OPTIMIZATION_LEVEL = 0;
				GCC_PREPROCESSOR_DEFINITIONS = (
					"DEBUG=1",
					"$(inherited)",
				);
				GCC_SYMBOLS_PRIVATE_EXTERN = NO;
				GCC_WARN_64_TO_32_BIT_CONVERSION = YES;
				GCC_WARN_ABOUT_RETURN_TYPE = YES_ERROR;
				GCC_WARN_UNDECLARED_SELECTOR = YES;
				GCC_WARN_UNINITIALIZED_AUTOS = YES_AGGRESSIVE;
				GCC_WARN_UNUSED_FUNCTION = YES;
				GCC_WARN_UNUSED_VARIABLE = YES;
				IPHONEOS_DEPLOYMENT_TARGET = 8.3;
				MTL_ENABLE_DEBUG_INFO = YES;
				ONLY_ACTIVE_ARCH = YES;
				SDKROOT = iphoneos;
				SWIFT_OPTIMIZATION_LEVEL = "-Onone";
			};
			name = Debug;
		};
		4384BAAF19ECEDBB006965A1 /* Release */ = {
			isa = XCBuildConfiguration;
			buildSettings = {
				ALWAYS_SEARCH_USER_PATHS = NO;
				CLANG_CXX_LANGUAGE_STANDARD = "gnu++0x";
				CLANG_CXX_LIBRARY = "libc++";
				CLANG_ENABLE_MODULES = YES;
				CLANG_ENABLE_OBJC_ARC = YES;
				CLANG_WARN_BOOL_CONVERSION = YES;
				CLANG_WARN_CONSTANT_CONVERSION = YES;
				CLANG_WARN_DIRECT_OBJC_ISA_USAGE = YES_ERROR;
				CLANG_WARN_EMPTY_BODY = YES;
				CLANG_WARN_ENUM_CONVERSION = YES;
				CLANG_WARN_INT_CONVERSION = YES;
				CLANG_WARN_OBJC_ROOT_CLASS = YES_ERROR;
				CLANG_WARN_UNREACHABLE_CODE = YES;
				CLANG_WARN__DUPLICATE_METHOD_MATCH = YES;
				"CODE_SIGN_IDENTITY[sdk=iphoneos*]" = "iPhone Developer";
				COPY_PHASE_STRIP = YES;
				ENABLE_NS_ASSERTIONS = NO;
				ENABLE_STRICT_OBJC_MSGSEND = YES;
				GCC_C_LANGUAGE_STANDARD = gnu99;
				GCC_WARN_64_TO_32_BIT_CONVERSION = YES;
				GCC_WARN_ABOUT_RETURN_TYPE = YES_ERROR;
				GCC_WARN_UNDECLARED_SELECTOR = YES;
				GCC_WARN_UNINITIALIZED_AUTOS = YES_AGGRESSIVE;
				GCC_WARN_UNUSED_FUNCTION = YES;
				GCC_WARN_UNUSED_VARIABLE = YES;
				IPHONEOS_DEPLOYMENT_TARGET = 8.3;
				MTL_ENABLE_DEBUG_INFO = NO;
				SDKROOT = iphoneos;
				VALIDATE_PRODUCT = YES;
			};
			name = Release;
		};
		4384BAB119ECEDBB006965A1 /* Debug */ = {
			isa = XCBuildConfiguration;
			buildSettings = {
				ASSETCATALOG_COMPILER_APPICON_NAME = AppIcon;
				INFOPLIST_FILE = IndexTable/Info.plist;
				IPHONEOS_DEPLOYMENT_TARGET = 8.3;
				LD_RUNPATH_SEARCH_PATHS = "$(inherited) @executable_path/Frameworks";
				PRODUCT_NAME = "$(TARGET_NAME)";
			};
			name = Debug;
		};
		4384BAB219ECEDBB006965A1 /* Release */ = {
			isa = XCBuildConfiguration;
			buildSettings = {
				ASSETCATALOG_COMPILER_APPICON_NAME = AppIcon;
				INFOPLIST_FILE = IndexTable/Info.plist;
				IPHONEOS_DEPLOYMENT_TARGET = 8.3;
				LD_RUNPATH_SEARCH_PATHS = "$(inherited) @executable_path/Frameworks";
				PRODUCT_NAME = "$(TARGET_NAME)";
			};
			name = Release;
		};
		4384BAB419ECEDBB006965A1 /* Debug */ = {
			isa = XCBuildConfiguration;
			buildSettings = {
				BUNDLE_LOADER = "$(TEST_HOST)";
				FRAMEWORK_SEARCH_PATHS = (
					"$(SDKROOT)/Developer/Library/Frameworks",
					"$(inherited)",
				);
				GCC_PREPROCESSOR_DEFINITIONS = (
					"DEBUG=1",
					"$(inherited)",
				);
				INFOPLIST_FILE = IndexTableTests/Info.plist;
				LD_RUNPATH_SEARCH_PATHS = "$(inherited) @executable_path/Frameworks @loader_path/Frameworks";
				PRODUCT_NAME = "$(TARGET_NAME)";
				TEST_HOST = "$(BUILT_PRODUCTS_DIR)/IndexTable.app/IndexTable";
			};
			name = Debug;
		};
		4384BAB519ECEDBB006965A1 /* Release */ = {
			isa = XCBuildConfiguration;
			buildSettings = {
				BUNDLE_LOADER = "$(TEST_HOST)";
				FRAMEWORK_SEARCH_PATHS = (
					"$(SDKROOT)/Developer/Library/Frameworks",
					"$(inherited)",
				);
				INFOPLIST_FILE = IndexTableTests/Info.plist;
				LD_RUNPATH_SEARCH_PATHS = "$(inherited) @executable_path/Frameworks @loader_path/Frameworks";
				PRODUCT_NAME = "$(TARGET_NAME)";
				TEST_HOST = "$(BUILT_PRODUCTS_DIR)/IndexTable.app/IndexTable";
			};
			name = Release;
		};
/* End XCBuildConfiguration section */

/* Begin XCConfigurationList section */
		4384BA8C19ECEDBB006965A1 /* Build configuration list for PBXProject "IndexTable" */ = {
			isa = XCConfigurationList;
			buildConfigurations = (
				4384BAAE19ECEDBB006965A1 /* Debug */,
				4384BAAF19ECEDBB006965A1 /* Release */,
			);
			defaultConfigurationIsVisible = 0;
			defaultConfigurationName = Release;
		};
		4384BAB019ECEDBB006965A1 /* Build configuration list for PBXNativeTarget "IndexTable" */ = {
			isa = XCConfigurationList;
			buildConfigurations = (
				4384BAB119ECEDBB006965A1 /* Debug */,
				4384BAB219ECEDBB006965A1 /* Release */,
			);
			defaultConfigurationIsVisible = 0;
			defaultConfigurationName = Release;
		};
		4384BAB319ECEDBB006965A1 /* Build configuration list for PBXNativeTarget "IndexTableTests" */ = {
			isa = XCConfigurationList;
			buildConfigurations = (
				4384BAB419ECEDBB006965A1 /* Debug */,
				4384BAB519ECEDBB006965A1 /* Release */,
			);
			defaultConfigurationIsVisible = 0;
			defaultConfigurationName = Release;
		};
/* End XCConfigurationList section */
	};
	rootObject = 4384BA8919ECEDBB006965A1 /* Project object */;
}
